// !$*UTF8*$!
{
	archiveVersion = 1;
	classes = {
	};
	objectVersion = 56;
	objects = {

/* Begin PBXBuildFile section */
		2C41230F293A3DB00099E23F /* EpisodeDTO.swift in Sources */ = {isa = PBXBuildFile; fileRef = 2C41230E293A3DB00099E23F /* EpisodeDTO.swift */; };
		2C412312293A3E480099E23F /* EpisodeRepresentable.swift in Sources */ = {isa = PBXBuildFile; fileRef = 2C412311293A3E480099E23F /* EpisodeRepresentable.swift */; };
		2C412315293A410D0099E23F /* CharactersCollectionViewController.swift in Sources */ = {isa = PBXBuildFile; fileRef = 2C412314293A410D0099E23F /* CharactersCollectionViewController.swift */; };
		2C412319293A41650099E23F /* CharactersViewModel.swift in Sources */ = {isa = PBXBuildFile; fileRef = 2C412318293A41650099E23F /* CharactersViewModel.swift */; };
		2C41231B293A41730099E23F /* CharactersUseCase.swift in Sources */ = {isa = PBXBuildFile; fileRef = 2C41231A293A41730099E23F /* CharactersUseCase.swift */; };
		2C41231D293A419D0099E23F /* CharactersRepository.swift in Sources */ = {isa = PBXBuildFile; fileRef = 2C41231C293A419D0099E23F /* CharactersRepository.swift */; };
		2C41231F293A42120099E23F /* CharactersCoordinator.swift in Sources */ = {isa = PBXBuildFile; fileRef = 2C41231E293A42120099E23F /* CharactersCoordinator.swift */; };
		2C412323293A42FD0099E23F /* CharacterCollectionViewCell.swift in Sources */ = {isa = PBXBuildFile; fileRef = 2C412321293A42FD0099E23F /* CharacterCollectionViewCell.swift */; };
		2C412324293A42FD0099E23F /* CharacterCollectionViewCell.xib in Resources */ = {isa = PBXBuildFile; fileRef = 2C412322293A42FD0099E23F /* CharacterCollectionViewCell.xib */; };
		2C412328293A45400099E23F /* CharactersCollectionViewController.xib in Resources */ = {isa = PBXBuildFile; fileRef = 2C412326293A45400099E23F /* CharactersCollectionViewController.xib */; };
		2C41232B293A47C30099E23F /* CharactersDependenciesResolver.swift in Sources */ = {isa = PBXBuildFile; fileRef = 2C41232A293A47C30099E23F /* CharactersDependenciesResolver.swift */; };
		2C5F6B3A2939297C007DE0C2 /* AppDelegate.swift in Sources */ = {isa = PBXBuildFile; fileRef = 2C5F6B392939297C007DE0C2 /* AppDelegate.swift */; };
		2C5F6B3C2939297C007DE0C2 /* SceneDelegate.swift in Sources */ = {isa = PBXBuildFile; fileRef = 2C5F6B3B2939297C007DE0C2 /* SceneDelegate.swift */; };
		2C5F6B432939297E007DE0C2 /* Assets.xcassets in Resources */ = {isa = PBXBuildFile; fileRef = 2C5F6B422939297E007DE0C2 /* Assets.xcassets */; };
		2C5F6B462939297E007DE0C2 /* LaunchScreen.storyboard in Resources */ = {isa = PBXBuildFile; fileRef = 2C5F6B442939297E007DE0C2 /* LaunchScreen.storyboard */; };
		2C5F6B4F29392A76007DE0C2 /* NetworkManager.swift in Sources */ = {isa = PBXBuildFile; fileRef = 2C5F6B4E29392A76007DE0C2 /* NetworkManager.swift */; };
		2C5F6B5229392AC3007DE0C2 /* NetworkError.swift in Sources */ = {isa = PBXBuildFile; fileRef = 2C5F6B5129392AC3007DE0C2 /* NetworkError.swift */; };
		2C5F6B5529392F9A007DE0C2 /* CharacterDTO.swift in Sources */ = {isa = PBXBuildFile; fileRef = 2C5F6B5429392F9A007DE0C2 /* CharacterDTO.swift */; };
		2CEA009D29394D6400DED3E8 /* CharacterRepresentable.swift in Sources */ = {isa = PBXBuildFile; fileRef = 2CEA009C29394D6400DED3E8 /* CharacterRepresentable.swift */; };
		2CEA009F29394DFC00DED3E8 /* CharacterResultDTO.swift in Sources */ = {isa = PBXBuildFile; fileRef = 2CEA009E29394DFC00DED3E8 /* CharacterResultDTO.swift */; };
		2CEA00A229394FAD00DED3E8 /* CharactersResultRepresentable.swift in Sources */ = {isa = PBXBuildFile; fileRef = 2CEA00A129394FAD00DED3E8 /* CharactersResultRepresentable.swift */; };
/* End PBXBuildFile section */

/* Begin PBXFileReference section */
		2C41230E293A3DB00099E23F /* EpisodeDTO.swift */ = {isa = PBXFileReference; lastKnownFileType = sourcecode.swift; path = EpisodeDTO.swift; sourceTree = "<group>"; };
		2C412311293A3E480099E23F /* EpisodeRepresentable.swift */ = {isa = PBXFileReference; lastKnownFileType = sourcecode.swift; path = EpisodeRepresentable.swift; sourceTree = "<group>"; };
		2C412314293A410D0099E23F /* CharactersCollectionViewController.swift */ = {isa = PBXFileReference; lastKnownFileType = sourcecode.swift; path = CharactersCollectionViewController.swift; sourceTree = "<group>"; };
		2C412318293A41650099E23F /* CharactersViewModel.swift */ = {isa = PBXFileReference; lastKnownFileType = sourcecode.swift; path = CharactersViewModel.swift; sourceTree = "<group>"; };
		2C41231A293A41730099E23F /* CharactersUseCase.swift */ = {isa = PBXFileReference; lastKnownFileType = sourcecode.swift; path = CharactersUseCase.swift; sourceTree = "<group>"; };
		2C41231C293A419D0099E23F /* CharactersRepository.swift */ = {isa = PBXFileReference; lastKnownFileType = sourcecode.swift; path = CharactersRepository.swift; sourceTree = "<group>"; };
		2C41231E293A42120099E23F /* CharactersCoordinator.swift */ = {isa = PBXFileReference; lastKnownFileType = sourcecode.swift; path = CharactersCoordinator.swift; sourceTree = "<group>"; };
		2C412321293A42FD0099E23F /* CharacterCollectionViewCell.swift */ = {isa = PBXFileReference; lastKnownFileType = sourcecode.swift; path = CharacterCollectionViewCell.swift; sourceTree = "<group>"; };
		2C412322293A42FD0099E23F /* CharacterCollectionViewCell.xib */ = {isa = PBXFileReference; lastKnownFileType = file.xib; path = CharacterCollectionViewCell.xib; sourceTree = "<group>"; };
		2C412326293A45400099E23F /* CharactersCollectionViewController.xib */ = {isa = PBXFileReference; lastKnownFileType = file.xib; path = CharactersCollectionViewController.xib; sourceTree = "<group>"; };
		2C41232A293A47C30099E23F /* CharactersDependenciesResolver.swift */ = {isa = PBXFileReference; lastKnownFileType = sourcecode.swift; path = CharactersDependenciesResolver.swift; sourceTree = "<group>"; };
		2C5F6B362939297C007DE0C2 /* RickAndMorty.app */ = {isa = PBXFileReference; explicitFileType = wrapper.application; includeInIndex = 0; path = RickAndMorty.app; sourceTree = BUILT_PRODUCTS_DIR; };
		2C5F6B392939297C007DE0C2 /* AppDelegate.swift */ = {isa = PBXFileReference; lastKnownFileType = sourcecode.swift; path = AppDelegate.swift; sourceTree = "<group>"; };
		2C5F6B3B2939297C007DE0C2 /* SceneDelegate.swift */ = {isa = PBXFileReference; lastKnownFileType = sourcecode.swift; path = SceneDelegate.swift; sourceTree = "<group>"; };
		2C5F6B422939297E007DE0C2 /* Assets.xcassets */ = {isa = PBXFileReference; lastKnownFileType = folder.assetcatalog; path = Assets.xcassets; sourceTree = "<group>"; };
		2C5F6B452939297E007DE0C2 /* Base */ = {isa = PBXFileReference; lastKnownFileType = file.storyboard; name = Base; path = Base.lproj/LaunchScreen.storyboard; sourceTree = "<group>"; };
		2C5F6B472939297E007DE0C2 /* Info.plist */ = {isa = PBXFileReference; lastKnownFileType = text.plist.xml; path = Info.plist; sourceTree = "<group>"; };
		2C5F6B4E29392A76007DE0C2 /* NetworkManager.swift */ = {isa = PBXFileReference; lastKnownFileType = sourcecode.swift; path = NetworkManager.swift; sourceTree = "<group>"; };
		2C5F6B5129392AC3007DE0C2 /* NetworkError.swift */ = {isa = PBXFileReference; lastKnownFileType = sourcecode.swift; path = NetworkError.swift; sourceTree = "<group>"; };
		2C5F6B5429392F9A007DE0C2 /* CharacterDTO.swift */ = {isa = PBXFileReference; lastKnownFileType = sourcecode.swift; path = CharacterDTO.swift; sourceTree = "<group>"; };
		2CEA009C29394D6400DED3E8 /* CharacterRepresentable.swift */ = {isa = PBXFileReference; lastKnownFileType = sourcecode.swift; path = CharacterRepresentable.swift; sourceTree = "<group>"; };
		2CEA009E29394DFC00DED3E8 /* CharacterResultDTO.swift */ = {isa = PBXFileReference; lastKnownFileType = sourcecode.swift; path = CharacterResultDTO.swift; sourceTree = "<group>"; };
		2CEA00A129394FAD00DED3E8 /* CharactersResultRepresentable.swift */ = {isa = PBXFileReference; lastKnownFileType = sourcecode.swift; path = CharactersResultRepresentable.swift; sourceTree = "<group>"; };
/* End PBXFileReference section */

/* Begin PBXFrameworksBuildPhase section */
		2C5F6B332939297C007DE0C2 /* Frameworks */ = {
			isa = PBXFrameworksBuildPhase;
			buildActionMask = 2147483647;
			files = (
			);
			runOnlyForDeploymentPostprocessing = 0;
		};
/* End PBXFrameworksBuildPhase section */

/* Begin PBXGroup section */
		2C41230D293A3CBE0099E23F /* Episode */ = {
			isa = PBXGroup;
			children = (
				2C412310293A3E390099E23F /* Representable */,
				2C41230E293A3DB00099E23F /* EpisodeDTO.swift */,
			);
			path = Episode;
			sourceTree = "<group>";
		};
		2C412310293A3E390099E23F /* Representable */ = {
			isa = PBXGroup;
			children = (
				2C412311293A3E480099E23F /* EpisodeRepresentable.swift */,
			);
			path = Representable;
			sourceTree = "<group>";
		};
		2C412313293A40CD0099E23F /* Views */ = {
			isa = PBXGroup;
			children = (
				2C412316293A41380099E23F /* Characters */,
			);
			path = Views;
			sourceTree = "<group>";
		};
		2C412316293A41380099E23F /* Characters */ = {
			isa = PBXGroup;
			children = (
				2C41232A293A47C30099E23F /* CharactersDependenciesResolver.swift */,
				2C41231E293A42120099E23F /* CharactersCoordinator.swift */,
				2C41231C293A419D0099E23F /* CharactersRepository.swift */,
				2C41231A293A41730099E23F /* CharactersUseCase.swift */,
				2C412318293A41650099E23F /* CharactersViewModel.swift */,
				2C412329293A458B0099E23F /* View */,
			);
			path = Characters;
			sourceTree = "<group>";
		};
		2C412320293A42E70099E23F /* CustomViews */ = {
			isa = PBXGroup;
			children = (
				2C412321293A42FD0099E23F /* CharacterCollectionViewCell.swift */,
				2C412322293A42FD0099E23F /* CharacterCollectionViewCell.xib */,
			);
			path = CustomViews;
			sourceTree = "<group>";
		};
		2C412329293A458B0099E23F /* View */ = {
			isa = PBXGroup;
			children = (
				2C412314293A410D0099E23F /* CharactersCollectionViewController.swift */,
				2C412326293A45400099E23F /* CharactersCollectionViewController.xib */,
				2C412320293A42E70099E23F /* CustomViews */,
			);
			path = View;
			sourceTree = "<group>";
		};
		2C5F6B2D2939297C007DE0C2 = {
			isa = PBXGroup;
			children = (
				2C5F6B382939297C007DE0C2 /* RickAndMorty */,
				2C5F6B372939297C007DE0C2 /* Products */,
			);
			sourceTree = "<group>";
		};
		2C5F6B372939297C007DE0C2 /* Products */ = {
			isa = PBXGroup;
			children = (
				2C5F6B362939297C007DE0C2 /* RickAndMorty.app */,
			);
			name = Products;
			sourceTree = "<group>";
		};
		2C5F6B382939297C007DE0C2 /* RickAndMorty */ = {
			isa = PBXGroup;
			children = (
				2C5F6B5329392F82007DE0C2 /* DTO */,
				2C5F6B4D29392A6A007DE0C2 /* Network */,
				2C412313293A40CD0099E23F /* Views */,
				2C5F6B392939297C007DE0C2 /* AppDelegate.swift */,
				2C5F6B3B2939297C007DE0C2 /* SceneDelegate.swift */,
				2C5F6B422939297E007DE0C2 /* Assets.xcassets */,
				2C5F6B442939297E007DE0C2 /* LaunchScreen.storyboard */,
				2C5F6B472939297E007DE0C2 /* Info.plist */,
			);
			path = RickAndMorty;
			sourceTree = "<group>";
		};
		2C5F6B4D29392A6A007DE0C2 /* Network */ = {
			isa = PBXGroup;
			children = (
				2C5F6B4E29392A76007DE0C2 /* NetworkManager.swift */,
				2C5F6B5129392AC3007DE0C2 /* NetworkError.swift */,
			);
			path = Network;
			sourceTree = "<group>";
		};
		2C5F6B5329392F82007DE0C2 /* DTO */ = {
			isa = PBXGroup;
			children = (
				2CEA009B29394D5100DED3E8 /* Character */,
				2C41230D293A3CBE0099E23F /* Episode */,
			);
			path = DTO;
			sourceTree = "<group>";
		};
		2CEA009B29394D5100DED3E8 /* Character */ = {
			isa = PBXGroup;
			children = (
				2CEA00A029394EC300DED3E8 /* Representables */,
				2CEA009E29394DFC00DED3E8 /* CharacterResultDTO.swift */,
				2C5F6B5429392F9A007DE0C2 /* CharacterDTO.swift */,
			);
			path = Character;
			sourceTree = "<group>";
		};
		2CEA00A029394EC300DED3E8 /* Representables */ = {
			isa = PBXGroup;
			children = (
				2CEA00A129394FAD00DED3E8 /* CharactersResultRepresentable.swift */,
				2CEA009C29394D6400DED3E8 /* CharacterRepresentable.swift */,
			);
			path = Representables;
			sourceTree = "<group>";
		};
/* End PBXGroup section */

/* Begin PBXNativeTarget section */
		2C5F6B352939297C007DE0C2 /* RickAndMorty */ = {
			isa = PBXNativeTarget;
			buildConfigurationList = 2C5F6B4A2939297E007DE0C2 /* Build configuration list for PBXNativeTarget "RickAndMorty" */;
			buildPhases = (
				2C5F6B322939297C007DE0C2 /* Sources */,
				2C5F6B332939297C007DE0C2 /* Frameworks */,
				2C5F6B342939297C007DE0C2 /* Resources */,
			);
			buildRules = (
			);
			dependencies = (
			);
			name = RickAndMorty;
			productName = RickAndMorty;
			productReference = 2C5F6B362939297C007DE0C2 /* RickAndMorty.app */;
			productType = "com.apple.product-type.application";
		};
/* End PBXNativeTarget section */

/* Begin PBXProject section */
		2C5F6B2E2939297C007DE0C2 /* Project object */ = {
			isa = PBXProject;
			attributes = {
				BuildIndependentTargetsInParallel = 1;
				LastSwiftUpdateCheck = 1410;
				LastUpgradeCheck = 1410;
				TargetAttributes = {
					2C5F6B352939297C007DE0C2 = {
						CreatedOnToolsVersion = 14.1;
					};
				};
			};
			buildConfigurationList = 2C5F6B312939297C007DE0C2 /* Build configuration list for PBXProject "RickAndMorty" */;
			compatibilityVersion = "Xcode 14.0";
			developmentRegion = en;
			hasScannedForEncodings = 0;
			knownRegions = (
				en,
				Base,
			);
			mainGroup = 2C5F6B2D2939297C007DE0C2;
			productRefGroup = 2C5F6B372939297C007DE0C2 /* Products */;
			projectDirPath = "";
			projectRoot = "";
			targets = (
				2C5F6B352939297C007DE0C2 /* RickAndMorty */,
			);
		};
/* End PBXProject section */

/* Begin PBXResourcesBuildPhase section */
		2C5F6B342939297C007DE0C2 /* Resources */ = {
			isa = PBXResourcesBuildPhase;
			buildActionMask = 2147483647;
			files = (
				2C412328293A45400099E23F /* CharactersCollectionViewController.xib in Resources */,
				2C412324293A42FD0099E23F /* CharacterCollectionViewCell.xib in Resources */,
				2C5F6B462939297E007DE0C2 /* LaunchScreen.storyboard in Resources */,
				2C5F6B432939297E007DE0C2 /* Assets.xcassets in Resources */,
			);
			runOnlyForDeploymentPostprocessing = 0;
		};
/* End PBXResourcesBuildPhase section */

/* Begin PBXSourcesBuildPhase section */
		2C5F6B322939297C007DE0C2 /* Sources */ = {
			isa = PBXSourcesBuildPhase;
			buildActionMask = 2147483647;
			files = (
				2C41230F293A3DB00099E23F /* EpisodeDTO.swift in Sources */,
				2C41231D293A419D0099E23F /* CharactersRepository.swift in Sources */,
				2CEA009D29394D6400DED3E8 /* CharacterRepresentable.swift in Sources */,
				2C412312293A3E480099E23F /* EpisodeRepresentable.swift in Sources */,
				2C5F6B4F29392A76007DE0C2 /* NetworkManager.swift in Sources */,
				2C412323293A42FD0099E23F /* CharacterCollectionViewCell.swift in Sources */,
				2C41231B293A41730099E23F /* CharactersUseCase.swift in Sources */,
				2C41232B293A47C30099E23F /* CharactersDependenciesResolver.swift in Sources */,
				2C412319293A41650099E23F /* CharactersViewModel.swift in Sources */,
				2C5F6B3A2939297C007DE0C2 /* AppDelegate.swift in Sources */,
				2C412315293A410D0099E23F /* CharactersCollectionViewController.swift in Sources */,
				2C41231F293A42120099E23F /* CharactersCoordinator.swift in Sources */,
				2CEA009F29394DFC00DED3E8 /* CharacterResultDTO.swift in Sources */,
				2CEA00A229394FAD00DED3E8 /* CharactersResultRepresentable.swift in Sources */,
				2C5F6B5529392F9A007DE0C2 /* CharacterDTO.swift in Sources */,
				2C5F6B3C2939297C007DE0C2 /* SceneDelegate.swift in Sources */,
				2C5F6B5229392AC3007DE0C2 /* NetworkError.swift in Sources */,
			);
			runOnlyForDeploymentPostprocessing = 0;
		};
/* End PBXSourcesBuildPhase section */

/* Begin PBXVariantGroup section */
		2C5F6B442939297E007DE0C2 /* LaunchScreen.storyboard */ = {
			isa = PBXVariantGroup;
			children = (
				2C5F6B452939297E007DE0C2 /* Base */,
			);
			name = LaunchScreen.storyboard;
			sourceTree = "<group>";
		};
/* End PBXVariantGroup section */

/* Begin XCBuildConfiguration section */
		2C5F6B482939297E007DE0C2 /* Debug */ = {
			isa = XCBuildConfiguration;
			buildSettings = {
				ALWAYS_SEARCH_USER_PATHS = NO;
				CLANG_ANALYZER_NONNULL = YES;
				CLANG_ANALYZER_NUMBER_OBJECT_CONVERSION = YES_AGGRESSIVE;
				CLANG_CXX_LANGUAGE_STANDARD = "gnu++20";
				CLANG_ENABLE_MODULES = YES;
				CLANG_ENABLE_OBJC_ARC = YES;
				CLANG_ENABLE_OBJC_WEAK = YES;
				CLANG_WARN_BLOCK_CAPTURE_AUTORELEASING = YES;
				CLANG_WARN_BOOL_CONVERSION = YES;
				CLANG_WARN_COMMA = YES;
				CLANG_WARN_CONSTANT_CONVERSION = YES;
				CLANG_WARN_DEPRECATED_OBJC_IMPLEMENTATIONS = YES;
				CLANG_WARN_DIRECT_OBJC_ISA_USAGE = YES_ERROR;
				CLANG_WARN_DOCUMENTATION_COMMENTS = YES;
				CLANG_WARN_EMPTY_BODY = YES;
				CLANG_WARN_ENUM_CONVERSION = YES;
				CLANG_WARN_INFINITE_RECURSION = YES;
				CLANG_WARN_INT_CONVERSION = YES;
				CLANG_WARN_NON_LITERAL_NULL_CONVERSION = YES;
				CLANG_WARN_OBJC_IMPLICIT_RETAIN_SELF = YES;
				CLANG_WARN_OBJC_LITERAL_CONVERSION = YES;
				CLANG_WARN_OBJC_ROOT_CLASS = YES_ERROR;
				CLANG_WARN_QUOTED_INCLUDE_IN_FRAMEWORK_HEADER = YES;
				CLANG_WARN_RANGE_LOOP_ANALYSIS = YES;
				CLANG_WARN_STRICT_PROTOTYPES = YES;
				CLANG_WARN_SUSPICIOUS_MOVE = YES;
				CLANG_WARN_UNGUARDED_AVAILABILITY = YES_AGGRESSIVE;
				CLANG_WARN_UNREACHABLE_CODE = YES;
				CLANG_WARN__DUPLICATE_METHOD_MATCH = YES;
				COPY_PHASE_STRIP = NO;
				DEBUG_INFORMATION_FORMAT = dwarf;
				ENABLE_STRICT_OBJC_MSGSEND = YES;
				ENABLE_TESTABILITY = YES;
				GCC_C_LANGUAGE_STANDARD = gnu11;
				GCC_DYNAMIC_NO_PIC = NO;
				GCC_NO_COMMON_BLOCKS = YES;
				GCC_OPTIMIZATION_LEVEL = 0;
				GCC_PREPROCESSOR_DEFINITIONS = (
					"DEBUG=1",
					"$(inherited)",
				);
				GCC_WARN_64_TO_32_BIT_CONVERSION = YES;
				GCC_WARN_ABOUT_RETURN_TYPE = YES_ERROR;
				GCC_WARN_UNDECLARED_SELECTOR = YES;
				GCC_WARN_UNINITIALIZED_AUTOS = YES_AGGRESSIVE;
				GCC_WARN_UNUSED_FUNCTION = YES;
				GCC_WARN_UNUSED_VARIABLE = YES;
				IPHONEOS_DEPLOYMENT_TARGET = 16.1;
				MTL_ENABLE_DEBUG_INFO = INCLUDE_SOURCE;
				MTL_FAST_MATH = YES;
				ONLY_ACTIVE_ARCH = YES;
				SDKROOT = iphoneos;
				SWIFT_ACTIVE_COMPILATION_CONDITIONS = DEBUG;
				SWIFT_OPTIMIZATION_LEVEL = "-Onone";
			};
			name = Debug;
		};
		2C5F6B492939297E007DE0C2 /* Release */ = {
			isa = XCBuildConfiguration;
			buildSettings = {
				ALWAYS_SEARCH_USER_PATHS = NO;
				CLANG_ANALYZER_NONNULL = YES;
				CLANG_ANALYZER_NUMBER_OBJECT_CONVERSION = YES_AGGRESSIVE;
				CLANG_CXX_LANGUAGE_STANDARD = "gnu++20";
				CLANG_ENABLE_MODULES = YES;
				CLANG_ENABLE_OBJC_ARC = YES;
				CLANG_ENABLE_OBJC_WEAK = YES;
				CLANG_WARN_BLOCK_CAPTURE_AUTORELEASING = YES;
				CLANG_WARN_BOOL_CONVERSION = YES;
				CLANG_WARN_COMMA = YES;
				CLANG_WARN_CONSTANT_CONVERSION = YES;
				CLANG_WARN_DEPRECATED_OBJC_IMPLEMENTATIONS = YES;
				CLANG_WARN_DIRECT_OBJC_ISA_USAGE = YES_ERROR;
				CLANG_WARN_DOCUMENTATION_COMMENTS = YES;
				CLANG_WARN_EMPTY_BODY = YES;
				CLANG_WARN_ENUM_CONVERSION = YES;
				CLANG_WARN_INFINITE_RECURSION = YES;
				CLANG_WARN_INT_CONVERSION = YES;
				CLANG_WARN_NON_LITERAL_NULL_CONVERSION = YES;
				CLANG_WARN_OBJC_IMPLICIT_RETAIN_SELF = YES;
				CLANG_WARN_OBJC_LITERAL_CONVERSION = YES;
				CLANG_WARN_OBJC_ROOT_CLASS = YES_ERROR;
				CLANG_WARN_QUOTED_INCLUDE_IN_FRAMEWORK_HEADER = YES;
				CLANG_WARN_RANGE_LOOP_ANALYSIS = YES;
				CLANG_WARN_STRICT_PROTOTYPES = YES;
				CLANG_WARN_SUSPICIOUS_MOVE = YES;
				CLANG_WARN_UNGUARDED_AVAILABILITY = YES_AGGRESSIVE;
				CLANG_WARN_UNREACHABLE_CODE = YES;
				CLANG_WARN__DUPLICATE_METHOD_MATCH = YES;
				COPY_PHASE_STRIP = NO;
				DEBUG_INFORMATION_FORMAT = "dwarf-with-dsym";
				ENABLE_NS_ASSERTIONS = NO;
				ENABLE_STRICT_OBJC_MSGSEND = YES;
				GCC_C_LANGUAGE_STANDARD = gnu11;
				GCC_NO_COMMON_BLOCKS = YES;
				GCC_WARN_64_TO_32_BIT_CONVERSION = YES;
				GCC_WARN_ABOUT_RETURN_TYPE = YES_ERROR;
				GCC_WARN_UNDECLARED_SELECTOR = YES;
				GCC_WARN_UNINITIALIZED_AUTOS = YES_AGGRESSIVE;
				GCC_WARN_UNUSED_FUNCTION = YES;
				GCC_WARN_UNUSED_VARIABLE = YES;
				IPHONEOS_DEPLOYMENT_TARGET = 16.1;
				MTL_ENABLE_DEBUG_INFO = NO;
				MTL_FAST_MATH = YES;
				SDKROOT = iphoneos;
				SWIFT_COMPILATION_MODE = wholemodule;
				SWIFT_OPTIMIZATION_LEVEL = "-O";
				VALIDATE_PRODUCT = YES;
			};
			name = Release;
		};
		2C5F6B4B2939297E007DE0C2 /* Debug */ = {
			isa = XCBuildConfiguration;
			buildSettings = {
				ASSETCATALOG_COMPILER_APPICON_NAME = AppIcon;
				ASSETCATALOG_COMPILER_GLOBAL_ACCENT_COLOR_NAME = AccentColor;
				CODE_SIGN_STYLE = Automatic;
				CURRENT_PROJECT_VERSION = 1;
				GENERATE_INFOPLIST_FILE = YES;
				INFOPLIST_FILE = RickAndMorty/Info.plist;
				INFOPLIST_KEY_UIApplicationSupportsIndirectInputEvents = YES;
				INFOPLIST_KEY_UILaunchStoryboardName = LaunchScreen;
				INFOPLIST_KEY_UISupportedInterfaceOrientations_iPad = "UIInterfaceOrientationPortrait UIInterfaceOrientationPortraitUpsideDown UIInterfaceOrientationLandscapeLeft UIInterfaceOrientationLandscapeRight";
				INFOPLIST_KEY_UISupportedInterfaceOrientations_iPhone = "UIInterfaceOrientationPortrait UIInterfaceOrientationLandscapeLeft UIInterfaceOrientationLandscapeRight";
				LD_RUNPATH_SEARCH_PATHS = (
					"$(inherited)",
					"@executable_path/Frameworks",
				);
				MARKETING_VERSION = 1.0;
				PRODUCT_BUNDLE_IDENTIFIER = ivan.RickAndMorty;
				PRODUCT_NAME = "$(TARGET_NAME)";
				SWIFT_EMIT_LOC_STRINGS = YES;
				SWIFT_VERSION = 5.0;
				TARGETED_DEVICE_FAMILY = "1,2";
			};
			name = Debug;
		};
		2C5F6B4C2939297E007DE0C2 /* Release */ = {
			isa = XCBuildConfiguration;
			buildSettings = {
				ASSETCATALOG_COMPILER_APPICON_NAME = AppIcon;
				ASSETCATALOG_COMPILER_GLOBAL_ACCENT_COLOR_NAME = AccentColor;
				CODE_SIGN_STYLE = Automatic;
				CURRENT_PROJECT_VERSION = 1;
				GENERATE_INFOPLIST_FILE = YES;
				INFOPLIST_FILE = RickAndMorty/Info.plist;
				INFOPLIST_KEY_UIApplicationSupportsIndirectInputEvents = YES;
				INFOPLIST_KEY_UILaunchStoryboardName = LaunchScreen;
				INFOPLIST_KEY_UISupportedInterfaceOrientations_iPad = "UIInterfaceOrientationPortrait UIInterfaceOrientationPortraitUpsideDown UIInterfaceOrientationLandscapeLeft UIInterfaceOrientationLandscapeRight";
				INFOPLIST_KEY_UISupportedInterfaceOrientations_iPhone = "UIInterfaceOrientationPortrait UIInterfaceOrientationLandscapeLeft UIInterfaceOrientationLandscapeRight";
				LD_RUNPATH_SEARCH_PATHS = (
					"$(inherited)",
					"@executable_path/Frameworks",
				);
				MARKETING_VERSION = 1.0;
				PRODUCT_BUNDLE_IDENTIFIER = ivan.RickAndMorty;
				PRODUCT_NAME = "$(TARGET_NAME)";
				SWIFT_EMIT_LOC_STRINGS = YES;
				SWIFT_VERSION = 5.0;
				TARGETED_DEVICE_FAMILY = "1,2";
			};
			name = Release;
		};
/* End XCBuildConfiguration section */

/* Begin XCConfigurationList section */
		2C5F6B312939297C007DE0C2 /* Build configuration list for PBXProject "RickAndMorty" */ = {
			isa = XCConfigurationList;
			buildConfigurations = (
				2C5F6B482939297E007DE0C2 /* Debug */,
				2C5F6B492939297E007DE0C2 /* Release */,
			);
			defaultConfigurationIsVisible = 0;
			defaultConfigurationName = Release;
		};
		2C5F6B4A2939297E007DE0C2 /* Build configuration list for PBXNativeTarget "RickAndMorty" */ = {
			isa = XCConfigurationList;
			buildConfigurations = (
				2C5F6B4B2939297E007DE0C2 /* Debug */,
				2C5F6B4C2939297E007DE0C2 /* Release */,
			);
			defaultConfigurationIsVisible = 0;
			defaultConfigurationName = Release;
		};
/* End XCConfigurationList section */
	};
	rootObject = 2C5F6B2E2939297C007DE0C2 /* Project object */;
}
